// !$*UTF8*$!
{
	archiveVersion = 1;
	classes = {
	};
	objectVersion = 50;
	objects = {

/* Begin PBXBuildFile section */
		22A208642142ED0500F01B83 /* AppDelegate.swift in Sources */ = {isa = PBXBuildFile; fileRef = 22A208632142ED0500F01B83 /* AppDelegate.swift */; };
		22A208662142ED0500F01B83 /* ViewController.swift in Sources */ = {isa = PBXBuildFile; fileRef = 22A208652142ED0500F01B83 /* ViewController.swift */; };
		22A208692142ED0500F01B83 /* Main.storyboard in Resources */ = {isa = PBXBuildFile; fileRef = 22A208672142ED0500F01B83 /* Main.storyboard */; };
		22A2086B2142ED0700F01B83 /* Assets.xcassets in Resources */ = {isa = PBXBuildFile; fileRef = 22A2086A2142ED0700F01B83 /* Assets.xcassets */; };
		22A2086E2142ED0700F01B83 /* LaunchScreen.storyboard in Resources */ = {isa = PBXBuildFile; fileRef = 22A2086C2142ED0700F01B83 /* LaunchScreen.storyboard */; };
		22A208792142ED0700F01B83 /* Person_UITests.swift in Sources */ = {isa = PBXBuildFile; fileRef = 22A208782142ED0700F01B83 /* Person_UITests.swift */; };
		22A208842142ED0700F01B83 /* Person_UIUITests.swift in Sources */ = {isa = PBXBuildFile; fileRef = 22A208832142ED0700F01B83 /* Person_UIUITests.swift */; };
/* End PBXBuildFile section */

/* Begin PBXContainerItemProxy section */
		22A208752142ED0700F01B83 /* PBXContainerItemProxy */ = {
			isa = PBXContainerItemProxy;
			containerPortal = 22A208582142ED0500F01B83 /* Project object */;
			proxyType = 1;
			remoteGlobalIDString = 22A2085F2142ED0500F01B83;
			remoteInfo = "Person UI";
		};
		22A208802142ED0700F01B83 /* PBXContainerItemProxy */ = {
			isa = PBXContainerItemProxy;
			containerPortal = 22A208582142ED0500F01B83 /* Project object */;
			proxyType = 1;
			remoteGlobalIDString = 22A2085F2142ED0500F01B83;
			remoteInfo = "Person UI";
		};
/* End PBXContainerItemProxy section */

/* Begin PBXFileReference section */
		22A208602142ED0500F01B83 /* Person UI.app */ = {isa = PBXFileReference; explicitFileType = wrapper.application; includeInIndex = 0; path = "Person UI.app"; sourceTree = BUILT_PRODUCTS_DIR; };
		22A208632142ED0500F01B83 /* AppDelegate.swift */ = {isa = PBXFileReference; lastKnownFileType = sourcecode.swift; path = AppDelegate.swift; sourceTree = "<group>"; };
		22A208652142ED0500F01B83 /* ViewController.swift */ = {isa = PBXFileReference; lastKnownFileType = sourcecode.swift; path = ViewController.swift; sourceTree = "<group>"; };
		22A208682142ED0500F01B83 /* Base */ = {isa = PBXFileReference; lastKnownFileType = file.storyboard; name = Base; path = Base.lproj/Main.storyboard; sourceTree = "<group>"; };
		22A2086A2142ED0700F01B83 /* Assets.xcassets */ = {isa = PBXFileReference; lastKnownFileType = folder.assetcatalog; path = Assets.xcassets; sourceTree = "<group>"; };
		22A2086D2142ED0700F01B83 /* Base */ = {isa = PBXFileReference; lastKnownFileType = file.storyboard; name = Base; path = Base.lproj/LaunchScreen.storyboard; sourceTree = "<group>"; };
		22A2086F2142ED0700F01B83 /* Info.plist */ = {isa = PBXFileReference; lastKnownFileType = text.plist.xml; path = Info.plist; sourceTree = "<group>"; };
		22A208742142ED0700F01B83 /* Person UITests.xctest */ = {isa = PBXFileReference; explicitFileType = wrapper.cfbundle; includeInIndex = 0; path = "Person UITests.xctest"; sourceTree = BUILT_PRODUCTS_DIR; };
		22A208782142ED0700F01B83 /* Person_UITests.swift */ = {isa = PBXFileReference; lastKnownFileType = sourcecode.swift; path = Person_UITests.swift; sourceTree = "<group>"; };
		22A2087A2142ED0700F01B83 /* Info.plist */ = {isa = PBXFileReference; lastKnownFileType = text.plist.xml; path = Info.plist; sourceTree = "<group>"; };
		22A2087F2142ED0700F01B83 /* Person UIUITests.xctest */ = {isa = PBXFileReference; explicitFileType = wrapper.cfbundle; includeInIndex = 0; path = "Person UIUITests.xctest"; sourceTree = BUILT_PRODUCTS_DIR; };
		22A208832142ED0700F01B83 /* Person_UIUITests.swift */ = {isa = PBXFileReference; lastKnownFileType = sourcecode.swift; path = Person_UIUITests.swift; sourceTree = "<group>"; };
		22A208852142ED0700F01B83 /* Info.plist */ = {isa = PBXFileReference; lastKnownFileType = text.plist.xml; path = Info.plist; sourceTree = "<group>"; };
/* End PBXFileReference section */

/* Begin PBXFrameworksBuildPhase section */
		22A2085D2142ED0500F01B83 /* Frameworks */ = {
			isa = PBXFrameworksBuildPhase;
			buildActionMask = 2147483647;
			files = (
			);
			runOnlyForDeploymentPostprocessing = 0;
		};
		22A208712142ED0700F01B83 /* Frameworks */ = {
			isa = PBXFrameworksBuildPhase;
			buildActionMask = 2147483647;
			files = (
			);
			runOnlyForDeploymentPostprocessing = 0;
		};
		22A2087C2142ED0700F01B83 /* Frameworks */ = {
			isa = PBXFrameworksBuildPhase;
			buildActionMask = 2147483647;
			files = (
			);
			runOnlyForDeploymentPostprocessing = 0;
		};
/* End PBXFrameworksBuildPhase section */

/* Begin PBXGroup section */
		22A208572142ED0500F01B83 = {
			isa = PBXGroup;
			children = (
				22A208622142ED0500F01B83 /* Person UI */,
				22A208772142ED0700F01B83 /* Person UITests */,
				22A208822142ED0700F01B83 /* Person UIUITests */,
				22A208612142ED0500F01B83 /* Products */,
			);
			sourceTree = "<group>";
		};
		22A208612142ED0500F01B83 /* Products */ = {
			isa = PBXGroup;
			children = (
				22A208602142ED0500F01B83 /* Person UI.app */,
				22A208742142ED0700F01B83 /* Person UITests.xctest */,
				22A2087F2142ED0700F01B83 /* Person UIUITests.xctest */,
			);
			name = Products;
			sourceTree = "<group>";
		};
		22A208622142ED0500F01B83 /* Person UI */ = {
			isa = PBXGroup;
			children = (
				22A208632142ED0500F01B83 /* AppDelegate.swift */,
				22A208652142ED0500F01B83 /* ViewController.swift */,
				22A208672142ED0500F01B83 /* Main.storyboard */,
				22A2086A2142ED0700F01B83 /* Assets.xcassets */,
				22A2086C2142ED0700F01B83 /* LaunchScreen.storyboard */,
				22A2086F2142ED0700F01B83 /* Info.plist */,
			);
			path = "Person UI";
			sourceTree = "<group>";
		};
		22A208772142ED0700F01B83 /* Person UITests */ = {
			isa = PBXGroup;
			children = (
				22A208782142ED0700F01B83 /* Person_UITests.swift */,
				22A2087A2142ED0700F01B83 /* Info.plist */,
			);
			path = "Person UITests";
			sourceTree = "<group>";
		};
		22A208822142ED0700F01B83 /* Person UIUITests */ = {
			isa = PBXGroup;
			children = (
				22A208832142ED0700F01B83 /* Person_UIUITests.swift */,
				22A208852142ED0700F01B83 /* Info.plist */,
			);
			path = "Person UIUITests";
			sourceTree = "<group>";
		};
/* End PBXGroup section */

/* Begin PBXNativeTarget section */
		22A2085F2142ED0500F01B83 /* Person UI */ = {
			isa = PBXNativeTarget;
			buildConfigurationList = 22A208882142ED0700F01B83 /* Build configuration list for PBXNativeTarget "Person UI" */;
			buildPhases = (
				22A2085C2142ED0500F01B83 /* Sources */,
				22A2085D2142ED0500F01B83 /* Frameworks */,
				22A2085E2142ED0500F01B83 /* Resources */,
			);
			buildRules = (
			);
			dependencies = (
			);
			name = "Person UI";
			productName = "Person UI";
			productReference = 22A208602142ED0500F01B83 /* Person UI.app */;
			productType = "com.apple.product-type.application";
		};
		22A208732142ED0700F01B83 /* Person UITests */ = {
			isa = PBXNativeTarget;
			buildConfigurationList = 22A2088B2142ED0700F01B83 /* Build configuration list for PBXNativeTarget "Person UITests" */;
			buildPhases = (
				22A208702142ED0700F01B83 /* Sources */,
				22A208712142ED0700F01B83 /* Frameworks */,
				22A208722142ED0700F01B83 /* Resources */,
			);
			buildRules = (
			);
			dependencies = (
				22A208762142ED0700F01B83 /* PBXTargetDependency */,
			);
			name = "Person UITests";
			productName = "Person UITests";
			productReference = 22A208742142ED0700F01B83 /* Person UITests.xctest */;
			productType = "com.apple.product-type.bundle.unit-test";
		};
		22A2087E2142ED0700F01B83 /* Person UIUITests */ = {
			isa = PBXNativeTarget;
			buildConfigurationList = 22A2088E2142ED0700F01B83 /* Build configuration list for PBXNativeTarget "Person UIUITests" */;
			buildPhases = (
				22A2087B2142ED0700F01B83 /* Sources */,
				22A2087C2142ED0700F01B83 /* Frameworks */,
				22A2087D2142ED0700F01B83 /* Resources */,
			);
			buildRules = (
			);
			dependencies = (
				22A208812142ED0700F01B83 /* PBXTargetDependency */,
			);
			name = "Person UIUITests";
			productName = "Person UIUITests";
			productReference = 22A2087F2142ED0700F01B83 /* Person UIUITests.xctest */;
			productType = "com.apple.product-type.bundle.ui-testing";
		};
/* End PBXNativeTarget section */

/* Begin PBXProject section */
		22A208582142ED0500F01B83 /* Project object */ = {
			isa = PBXProject;
			attributes = {
				LastSwiftUpdateCheck = 0940;
				LastUpgradeCheck = 0940;
				ORGANIZATIONNAME = Sam;
				TargetAttributes = {
					22A2085F2142ED0500F01B83 = {
						CreatedOnToolsVersion = 9.4.1;
					};
					22A208732142ED0700F01B83 = {
						CreatedOnToolsVersion = 9.4.1;
						TestTargetID = 22A2085F2142ED0500F01B83;
					};
					22A2087E2142ED0700F01B83 = {
						CreatedOnToolsVersion = 9.4.1;
						TestTargetID = 22A2085F2142ED0500F01B83;
					};
				};
			};
			buildConfigurationList = 22A2085B2142ED0500F01B83 /* Build configuration list for PBXProject "Person UI" */;
			compatibilityVersion = "Xcode 9.3";
			developmentRegion = en;
			hasScannedForEncodings = 0;
			knownRegions = (
				en,
				Base,
			);
			mainGroup = 22A208572142ED0500F01B83;
			productRefGroup = 22A208612142ED0500F01B83 /* Products */;
			projectDirPath = "";
			projectRoot = "";
			targets = (
				22A2085F2142ED0500F01B83 /* Person UI */,
				22A208732142ED0700F01B83 /* Person UITests */,
				22A2087E2142ED0700F01B83 /* Person UIUITests */,
			);
		};
/* End PBXProject section */

/* Begin PBXResourcesBuildPhase section */
		22A2085E2142ED0500F01B83 /* Resources */ = {
			isa = PBXResourcesBuildPhase;
			buildActionMask = 2147483647;
			files = (
				22A2086E2142ED0700F01B83 /* LaunchScreen.storyboard in Resources */,
				22A2086B2142ED0700F01B83 /* Assets.xcassets in Resources */,
				22A208692142ED0500F01B83 /* Main.storyboard in Resources */,
			);
			runOnlyForDeploymentPostprocessing = 0;
		};
		22A208722142ED0700F01B83 /* Resources */ = {
			isa = PBXResourcesBuildPhase;
			buildActionMask = 2147483647;
			files = (
			);
			runOnlyForDeploymentPostprocessing = 0;
		};
		22A2087D2142ED0700F01B83 /* Resources */ = {
			isa = PBXResourcesBuildPhase;
			buildActionMask = 2147483647;
			files = (
			);
			runOnlyForDeploymentPostprocessing = 0;
		};
/* End PBXResourcesBuildPhase section */

/* Begin PBXSourcesBuildPhase section */
		22A2085C2142ED0500F01B83 /* Sources */ = {
			isa = PBXSourcesBuildPhase;
			buildActionMask = 2147483647;
			files = (
				22A208662142ED0500F01B83 /* ViewController.swift in Sources */,
				22A208642142ED0500F01B83 /* AppDelegate.swift in Sources */,
			);
			runOnlyForDeploymentPostprocessing = 0;
		};
		22A208702142ED0700F01B83 /* Sources */ = {
			isa = PBXSourcesBuildPhase;
			buildActionMask = 2147483647;
			files = (
				22A208792142ED0700F01B83 /* Person_UITests.swift in Sources */,
			);
			runOnlyForDeploymentPostprocessing = 0;
		};
		22A2087B2142ED0700F01B83 /* Sources */ = {
			isa = PBXSourcesBuildPhase;
			buildActionMask = 2147483647;
			files = (
				22A208842142ED0700F01B83 /* Person_UIUITests.swift in Sources */,
			);
			runOnlyForDeploymentPostprocessing = 0;
		};
/* End PBXSourcesBuildPhase section */

/* Begin PBXTargetDependency section */
		22A208762142ED0700F01B83 /* PBXTargetDependency */ = {
			isa = PBXTargetDependency;
			target = 22A2085F2142ED0500F01B83 /* Person UI */;
			targetProxy = 22A208752142ED0700F01B83 /* PBXContainerItemProxy */;
		};
		22A208812142ED0700F01B83 /* PBXTargetDependency */ = {
			isa = PBXTargetDependency;
			target = 22A2085F2142ED0500F01B83 /* Person UI */;
			targetProxy = 22A208802142ED0700F01B83 /* PBXContainerItemProxy */;
		};
/* End PBXTargetDependency section */

/* Begin PBXVariantGroup section */
		22A208672142ED0500F01B83 /* Main.storyboard */ = {
			isa = PBXVariantGroup;
			children = (
				22A208682142ED0500F01B83 /* Base */,
			);
			name = Main.storyboard;
			sourceTree = "<group>";
		};
		22A2086C2142ED0700F01B83 /* LaunchScreen.storyboard */ = {
			isa = PBXVariantGroup;
			children = (
				22A2086D2142ED0700F01B83 /* Base */,
			);
			name = LaunchScreen.storyboard;
			sourceTree = "<group>";
		};
/* End PBXVariantGroup section */

/* Begin XCBuildConfiguration section */
		22A208862142ED0700F01B83 /* Debug */ = {
			isa = XCBuildConfiguration;
			buildSettings = {
				ALWAYS_SEARCH_USER_PATHS = NO;
				CLANG_ANALYZER_NONNULL = YES;
				CLANG_ANALYZER_NUMBER_OBJECT_CONVERSION = YES_AGGRESSIVE;
				CLANG_CXX_LANGUAGE_STANDARD = "gnu++14";
				CLANG_CXX_LIBRARY = "libc++";
				CLANG_ENABLE_MODULES = YES;
				CLANG_ENABLE_OBJC_ARC = YES;
				CLANG_ENABLE_OBJC_WEAK = YES;
				CLANG_WARN_BLOCK_CAPTURE_AUTORELEASING = YES;
				CLANG_WARN_BOOL_CONVERSION = YES;
				CLANG_WARN_COMMA = YES;
				CLANG_WARN_CONSTANT_CONVERSION = YES;
				CLANG_WARN_DEPRECATED_OBJC_IMPLEMENTATIONS = YES;
				CLANG_WARN_DIRECT_OBJC_ISA_USAGE = YES_ERROR;
				CLANG_WARN_DOCUMENTATION_COMMENTS = YES;
				CLANG_WARN_EMPTY_BODY = YES;
				CLANG_WARN_ENUM_CONVERSION = YES;
				CLANG_WARN_INFINITE_RECURSION = YES;
				CLANG_WARN_INT_CONVERSION = YES;
				CLANG_WARN_NON_LITERAL_NULL_CONVERSION = YES;
				CLANG_WARN_OBJC_IMPLICIT_RETAIN_SELF = YES;
				CLANG_WARN_OBJC_LITERAL_CONVERSION = YES;
				CLANG_WARN_OBJC_ROOT_CLASS = YES_ERROR;
				CLANG_WARN_RANGE_LOOP_ANALYSIS = YES;
				CLANG_WARN_STRICT_PROTOTYPES = YES;
				CLANG_WARN_SUSPICIOUS_MOVE = YES;
				CLANG_WARN_UNGUARDED_AVAILABILITY = YES_AGGRESSIVE;
				CLANG_WARN_UNREACHABLE_CODE = YES;
				CLANG_WARN__DUPLICATE_METHOD_MATCH = YES;
				CODE_SIGN_IDENTITY = "iPhone Developer";
				COPY_PHASE_STRIP = NO;
				DEBUG_INFORMATION_FORMAT = dwarf;
				ENABLE_STRICT_OBJC_MSGSEND = YES;
				ENABLE_TESTABILITY = YES;
				GCC_C_LANGUAGE_STANDARD = gnu11;
				GCC_DYNAMIC_NO_PIC = NO;
				GCC_NO_COMMON_BLOCKS = YES;
				GCC_OPTIMIZATION_LEVEL = 0;
				GCC_PREPROCESSOR_DEFINITIONS = (
					"DEBUG=1",
					"$(inherited)",
				);
				GCC_WARN_64_TO_32_BIT_CONVERSION = YES;
				GCC_WARN_ABOUT_RETURN_TYPE = YES_ERROR;
				GCC_WARN_UNDECLARED_SELECTOR = YES;
				GCC_WARN_UNINITIALIZED_AUTOS = YES_AGGRESSIVE;
				GCC_WARN_UNUSED_FUNCTION = YES;
				GCC_WARN_UNUSED_VARIABLE = YES;
				IPHONEOS_DEPLOYMENT_TARGET = 11.4;
				MTL_ENABLE_DEBUG_INFO = YES;
				ONLY_ACTIVE_ARCH = YES;
				SDKROOT = iphoneos;
				SWIFT_ACTIVE_COMPILATION_CONDITIONS = DEBUG;
				SWIFT_OPTIMIZATION_LEVEL = "-Onone";
			};
			name = Debug;
		};
		22A208872142ED0700F01B83 /* Release */ = {
			isa = XCBuildConfiguration;
			buildSettings = {
				ALWAYS_SEARCH_USER_PATHS = NO;
				CLANG_ANALYZER_NONNULL = YES;
				CLANG_ANALYZER_NUMBER_OBJECT_CONVERSION = YES_AGGRESSIVE;
				CLANG_CXX_LANGUAGE_STANDARD = "gnu++14";
				CLANG_CXX_LIBRARY = "libc++";
				CLANG_ENABLE_MODULES = YES;
				CLANG_ENABLE_OBJC_ARC = YES;
				CLANG_ENABLE_OBJC_WEAK = YES;
				CLANG_WARN_BLOCK_CAPTURE_AUTORELEASING = YES;
				CLANG_WARN_BOOL_CONVERSION = YES;
				CLANG_WARN_COMMA = YES;
				CLANG_WARN_CONSTANT_CONVERSION = YES;
				CLANG_WARN_DEPRECATED_OBJC_IMPLEMENTATIONS = YES;
				CLANG_WARN_DIRECT_OBJC_ISA_USAGE = YES_ERROR;
				CLANG_WARN_DOCUMENTATION_COMMENTS = YES;
				CLANG_WARN_EMPTY_BODY = YES;
				CLANG_WARN_ENUM_CONVERSION = YES;
				CLANG_WARN_INFINITE_RECURSION = YES;
				CLANG_WARN_INT_CONVERSION = YES;
				CLANG_WARN_NON_LITERAL_NULL_CONVERSION = YES;
				CLANG_WARN_OBJC_IMPLICIT_RETAIN_SELF = YES;
				CLANG_WARN_OBJC_LITERAL_CONVERSION = YES;
				CLANG_WARN_OBJC_ROOT_CLASS = YES_ERROR;
				CLANG_WARN_RANGE_LOOP_ANALYSIS = YES;
				CLANG_WARN_STRICT_PROTOTYPES = YES;
				CLANG_WARN_SUSPICIOUS_MOVE = YES;
				CLANG_WARN_UNGUARDED_AVAILABILITY = YES_AGGRESSIVE;
				CLANG_WARN_UNREACHABLE_CODE = YES;
				CLANG_WARN__DUPLICATE_METHOD_MATCH = YES;
				CODE_SIGN_IDENTITY = "iPhone Developer";
				COPY_PHASE_STRIP = NO;
				DEBUG_INFORMATION_FORMAT = "dwarf-with-dsym";
				ENABLE_NS_ASSERTIONS = NO;
				ENABLE_STRICT_OBJC_MSGSEND = YES;
				GCC_C_LANGUAGE_STANDARD = gnu11;
				GCC_NO_COMMON_BLOCKS = YES;
				GCC_WARN_64_TO_32_BIT_CONVERSION = YES;
				GCC_WARN_ABOUT_RETURN_TYPE = YES_ERROR;
				GCC_WARN_UNDECLARED_SELECTOR = YES;
				GCC_WARN_UNINITIALIZED_AUTOS = YES_AGGRESSIVE;
				GCC_WARN_UNUSED_FUNCTION = YES;
				GCC_WARN_UNUSED_VARIABLE = YES;
				IPHONEOS_DEPLOYMENT_TARGET = 11.4;
				MTL_ENABLE_DEBUG_INFO = NO;
				SDKROOT = iphoneos;
				SWIFT_COMPILATION_MODE = wholemodule;
				SWIFT_OPTIMIZATION_LEVEL = "-O";
				VALIDATE_PRODUCT = YES;
			};
			name = Release;
		};
		22A208892142ED0700F01B83 /* Debug */ = {
			isa = XCBuildConfiguration;
			buildSettings = {
				ASSETCATALOG_COMPILER_APPICON_NAME = AppIcon;
				CODE_SIGN_STYLE = Automatic;
				INFOPLIST_FILE = "Person UI/Info.plist";
				LD_RUNPATH_SEARCH_PATHS = (
					"$(inherited)",
					"@executable_path/Frameworks",
				);
				PRODUCT_BUNDLE_IDENTIFIER = "spevy3.Person-UI";
				PRODUCT_NAME = "$(TARGET_NAME)";
				SWIFT_VERSION = 4.0;
				TARGETED_DEVICE_FAMILY = "1,2";
			};
			name = Debug;
		};
		22A2088A2142ED0700F01B83 /* Release */ = {
			isa = XCBuildConfiguration;
			buildSettings = {
				ASSETCATALOG_COMPILER_APPICON_NAME = AppIcon;
				CODE_SIGN_STYLE = Automatic;
				INFOPLIST_FILE = "Person UI/Info.plist";
				LD_RUNPATH_SEARCH_PATHS = (
					"$(inherited)",
					"@executable_path/Frameworks",
				);
				PRODUCT_BUNDLE_IDENTIFIER = "spevy3.Person-UI";
				PRODUCT_NAME = "$(TARGET_NAME)";
				SWIFT_VERSION = 4.0;
				TARGETED_DEVICE_FAMILY = "1,2";
			};
			name = Release;
		};
		22A2088C2142ED0700F01B83 /* Debug */ = {
			isa = XCBuildConfiguration;
			buildSettings = {
				ALWAYS_EMBED_SWIFT_STANDARD_LIBRARIES = YES;
				BUNDLE_LOADER = "$(TEST_HOST)";
				CODE_SIGN_STYLE = Automatic;
				INFOPLIST_FILE = "Person UITests/Info.plist";
				LD_RUNPATH_SEARCH_PATHS = (
					"$(inherited)",
					"@executable_path/Frameworks",
					"@loader_path/Frameworks",
				);
				PRODUCT_BUNDLE_IDENTIFIER = "spevy3.Person-UITests";
				PRODUCT_NAME = "$(TARGET_NAME)";
				SWIFT_VERSION = 4.0;
				TARGETED_DEVICE_FAMILY = "1,2";
				TEST_HOST = "$(BUILT_PRODUCTS_DIR)/Person UI.app/Person UI";
			};
			name = Debug;
		};
		22A2088D2142ED0700F01B83 /* Release */ = {
			isa = XCBuildConfiguration;
			buildSettings = {
				ALWAYS_EMBED_SWIFT_STANDARD_LIBRARIES = YES;
				BUNDLE_LOADER = "$(TEST_HOST)";
				CODE_SIGN_STYLE = Automatic;
				INFOPLIST_FILE = "Person UITests/Info.plist";
				LD_RUNPATH_SEARCH_PATHS = (
					"$(inherited)",
					"@executable_path/Frameworks",
					"@loader_path/Frameworks",
				);
				PRODUCT_BUNDLE_IDENTIFIER = "spevy3.Person-UITests";
				PRODUCT_NAME = "$(TARGET_NAME)";
				SWIFT_VERSION = 4.0;
				TARGETED_DEVICE_FAMILY = "1,2";
				TEST_HOST = "$(BUILT_PRODUCTS_DIR)/Person UI.app/Person UI";
			};
			name = Release;
		};
		22A2088F2142ED0700F01B83 /* Debug */ = {
			isa = XCBuildConfiguration;
			buildSettings = {
				ALWAYS_EMBED_SWIFT_STANDARD_LIBRARIES = YES;
				CODE_SIGN_STYLE = Automatic;
				INFOPLIST_FILE = "Person UIUITests/Info.plist";
				LD_RUNPATH_SEARCH_PATHS = (
					"$(inherited)",
					"@executable_path/Frameworks",
					"@loader_path/Frameworks",
				);
				PRODUCT_BUNDLE_IDENTIFIER = "spevy3.Person-UIUITests";
				PRODUCT_NAME = "$(TARGET_NAME)";
				SWIFT_VERSION = 4.0;
				TARGETED_DEVICE_FAMILY = "1,2";
				TEST_TARGET_NAME = "Person UI";
			};
			name = Debug;
		};
		22A208902142ED0700F01B83 /* Release */ = {
			isa = XCBuildConfiguration;
			buildSettings = {
				ALWAYS_EMBED_SWIFT_STANDARD_LIBRARIES = YES;
				CODE_SIGN_STYLE = Automatic;
				INFOPLIST_FILE = "Person UIUITests/Info.plist";
				LD_RUNPATH_SEARCH_PATHS = (
					"$(inherited)",
					"@executable_path/Frameworks",
					"@loader_path/Frameworks",
				);
				PRODUCT_BUNDLE_IDENTIFIER = "spevy3.Person-UIUITests";
				PRODUCT_NAME = "$(TARGET_NAME)";
				SWIFT_VERSION = 4.0;
				TARGETED_DEVICE_FAMILY = "1,2";
				TEST_TARGET_NAME = "Person UI";
			};
			name = Release;
		};
/* End XCBuildConfiguration section */

/* Begin XCConfigurationList section */
		22A2085B2142ED0500F01B83 /* Build configuration list for PBXProject "Person UI" */ = {
			isa = XCConfigurationList;
			buildConfigurations = (
				22A208862142ED0700F01B83 /* Debug */,
				22A208872142ED0700F01B83 /* Release */,
			);
			defaultConfigurationIsVisible = 0;
			defaultConfigurationName = Release;
		};
		22A208882142ED0700F01B83 /* Build configuration list for PBXNativeTarget "Person UI" */ = {
			isa = XCConfigurationList;
			buildConfigurations = (
				22A208892142ED0700F01B83 /* Debug */,
				22A2088A2142ED0700F01B83 /* Release */,
			);
			defaultConfigurationIsVisible = 0;
			defaultConfigurationName = Release;
		};
		22A2088B2142ED0700F01B83 /* Build configuration list for PBXNativeTarget "Person UITests" */ = {
			isa = XCConfigurationList;
			buildConfigurations = (
				22A2088C2142ED0700F01B83 /* Debug */,
				22A2088D2142ED0700F01B83 /* Release */,
			);
			defaultConfigurationIsVisible = 0;
			defaultConfigurationName = Release;
		};
		22A2088E2142ED0700F01B83 /* Build configuration list for PBXNativeTarget "Person UIUITests" */ = {
			isa = XCConfigurationList;
			buildConfigurations = (
				22A2088F2142ED0700F01B83 /* Debug */,
				22A208902142ED0700F01B83 /* Release */,
			);
			defaultConfigurationIsVisible = 0;
			defaultConfigurationName = Release;
		};
/* End XCConfigurationList section */
	};
	rootObject = 22A208582142ED0500F01B83 /* Project object */;
}
